
Microsoft Visual Studio Solution File, Format Version 12.00
# Visual Studio Version 17
VisualStudioVersion = 17.9.34607.119
MinimumVisualStudioVersion = 10.0.40219.1
Project("{FAE04EC0-301F-11D3-BF4B-00C04F79EFBC}") = "Open_Close_principle", "Open_Close_principle.csproj", "{65A8FE9B-C38F-4E4C-B225-6803DCBB11B0}"
EndProject
Global
	GlobalSection(SolutionConfigurationPlatforms) = preSolution
		Debug|Any CPU = Debug|Any CPU
		Release|Any CPU = Release|Any CPU
	EndGlobalSection
	GlobalSection(ProjectConfigurationPlatforms) = postSolution
		{65A8FE9B-C38F-4E4C-B225-6803DCBB11B0}.Debug|Any CPU.ActiveCfg = Debug|Any CPU
		{65A8FE9B-C38F-4E4C-B225-6803DCBB11B0}.Debug|Any CPU.Build.0 = Debug|Any CPU
		{65A8FE9B-C38F-4E4C-B225-6803DCBB11B0}.Release|Any CPU.ActiveCfg = Release|Any CPU
		{65A8FE9B-C38F-4E4C-B225-6803DCBB11B0}.Release|Any CPU.Build.0 = Release|Any CPU
	EndGlobalSection
	GlobalSection(SolutionProperties) = preSolution
		HideSolutionNode = FALSE
	EndGlobalSection
	GlobalSection(ExtensibilityGlobals) = postSolution
		SolutionGuid = {DB405D87-D7FB-4C59-9DB4-391B170E707A}
	EndGlobalSection
EndGlobal
