
Microsoft Visual Studio Solution File, Format Version 12.00
# Visual Studio Version 17
VisualStudioVersion = 17.9.34607.119
MinimumVisualStudioVersion = 10.0.40219.1
Project("{FAE04EC0-301F-11D3-BF4B-00C04F79EFBC}") = "Liskov substitution", "Liskov substitution.csproj", "{BD7CD271-065F-47BE-8A1D-94CD05E24B2A}"
EndProject
Global
	GlobalSection(SolutionConfigurationPlatforms) = preSolution
		Debug|Any CPU = Debug|Any CPU
		Release|Any CPU = Release|Any CPU
	EndGlobalSection
	GlobalSection(ProjectConfigurationPlatforms) = postSolution
		{BD7CD271-065F-47BE-8A1D-94CD05E24B2A}.Debug|Any CPU.ActiveCfg = Debug|Any CPU
		{BD7CD271-065F-47BE-8A1D-94CD05E24B2A}.Debug|Any CPU.Build.0 = Debug|Any CPU
		{BD7CD271-065F-47BE-8A1D-94CD05E24B2A}.Release|Any CPU.ActiveCfg = Release|Any CPU
		{BD7CD271-065F-47BE-8A1D-94CD05E24B2A}.Release|Any CPU.Build.0 = Release|Any CPU
	EndGlobalSection
	GlobalSection(SolutionProperties) = preSolution
		HideSolutionNode = FALSE
	EndGlobalSection
	GlobalSection(ExtensibilityGlobals) = postSolution
		SolutionGuid = {E149E3EA-8976-4AB4-9BBC-FB1AB3D40B7A}
	EndGlobalSection
EndGlobal
