
Microsoft Visual Studio Solution File, Format Version 12.00
# Visual Studio Version 17
VisualStudioVersion = 17.9.34607.119
MinimumVisualStudioVersion = 10.0.40219.1
Project("{FAE04EC0-301F-11D3-BF4B-00C04F79EFBC}") = "SOLID_SingleResponsibility", "SOLID_SingleResponsibility.csproj", "{32F2DB7B-3AEA-4B54-A69D-8E67A7A7D894}"
EndProject
Global
	GlobalSection(SolutionConfigurationPlatforms) = preSolution
		Debug|Any CPU = Debug|Any CPU
		Release|Any CPU = Release|Any CPU
	EndGlobalSection
	GlobalSection(ProjectConfigurationPlatforms) = postSolution
		{32F2DB7B-3AEA-4B54-A69D-8E67A7A7D894}.Debug|Any CPU.ActiveCfg = Debug|Any CPU
		{32F2DB7B-3AEA-4B54-A69D-8E67A7A7D894}.Debug|Any CPU.Build.0 = Debug|Any CPU
		{32F2DB7B-3AEA-4B54-A69D-8E67A7A7D894}.Release|Any CPU.ActiveCfg = Release|Any CPU
		{32F2DB7B-3AEA-4B54-A69D-8E67A7A7D894}.Release|Any CPU.Build.0 = Release|Any CPU
	EndGlobalSection
	GlobalSection(SolutionProperties) = preSolution
		HideSolutionNode = FALSE
	EndGlobalSection
	GlobalSection(ExtensibilityGlobals) = postSolution
		SolutionGuid = {4BBE66D2-4256-4F21-A5B7-E861407FCA83}
	EndGlobalSection
EndGlobal
